
Microsoft Visual Studio Solution File, Format Version 12.00
# Visual Studio Version 17
VisualStudioVersion = 17.0.31903.59
MinimumVisualStudioVersion = 10.0.40219.1
Project("{2150E333-8FDC-42A3-9474-1A3956D46DE8}") = "src", "src", "{827E0CD3-B72D-47B6-A68D-7590B98EB39B}"
EndProject
Project("{FAE04EC0-301F-11D3-BF4B-00C04F79EFBC}") = "CustomerApi", "src\CustomerApi\CustomerApi.csproj", "{FA25CCE8-DADA-47AE-B91F-5F9C6714191F}"
EndProject
Project("{2150E333-8FDC-42A3-9474-1A3956D46DE8}") = "tests", "tests", "{0AB3BF05-4346-4AA6-1389-037BE0695223}"
EndProject
Project("{FAE04EC0-301F-11D3-BF4B-00C04F79EFBC}") = "CustomerApi.Tests", "tests\CustomerApi.Tests\CustomerApi.Tests.csproj", "{86F02C59-B3E8-4623-8D20-E1316FDB7D71}"
EndProject
Global
	GlobalSection(SolutionConfigurationPlatforms) = preSolution
		Debug|Any CPU = Debug|Any CPU
		Debug|x64 = Debug|x64
		Debug|x86 = Debug|x86
		Release|Any CPU = Release|Any CPU
		Release|x64 = Release|x64
		Release|x86 = Release|x86
	EndGlobalSection
	GlobalSection(ProjectConfigurationPlatforms) = postSolution
		{FA25CCE8-DADA-47AE-B91F-5F9C6714191F}.Debug|Any CPU.ActiveCfg = Debug|Any CPU
		{FA25CCE8-DADA-47AE-B91F-5F9C6714191F}.Debug|Any CPU.Build.0 = Debug|Any CPU
		{FA25CCE8-DADA-47AE-B91F-5F9C6714191F}.Debug|x64.ActiveCfg = Debug|Any CPU
		{FA25CCE8-DADA-47AE-B91F-5F9C6714191F}.Debug|x64.Build.0 = Debug|Any CPU
		{FA25CCE8-DADA-47AE-B91F-5F9C6714191F}.Debug|x86.ActiveCfg = Debug|Any CPU
		{FA25CCE8-DADA-47AE-B91F-5F9C6714191F}.Debug|x86.Build.0 = Debug|Any CPU
		{FA25CCE8-DADA-47AE-B91F-5F9C6714191F}.Release|Any CPU.ActiveCfg = Release|Any CPU
		{FA25CCE8-DADA-47AE-B91F-5F9C6714191F}.Release|Any CPU.Build.0 = Release|Any CPU
		{FA25CCE8-DADA-47AE-B91F-5F9C6714191F}.Release|x64.ActiveCfg = Release|Any CPU
		{FA25CCE8-DADA-47AE-B91F-5F9C6714191F}.Release|x64.Build.0 = Release|Any CPU
		{FA25CCE8-DADA-47AE-B91F-5F9C6714191F}.Release|x86.ActiveCfg = Release|Any CPU
		{FA25CCE8-DADA-47AE-B91F-5F9C6714191F}.Release|x86.Build.0 = Release|Any CPU
		{86F02C59-B3E8-4623-8D20-E1316FDB7D71}.Debug|Any CPU.ActiveCfg = Debug|Any CPU
		{86F02C59-B3E8-4623-8D20-E1316FDB7D71}.Debug|Any CPU.Build.0 = Debug|Any CPU
		{86F02C59-B3E8-4623-8D20-E1316FDB7D71}.Debug|x64.ActiveCfg = Debug|Any CPU
		{86F02C59-B3E8-4623-8D20-E1316FDB7D71}.Debug|x64.Build.0 = Debug|Any CPU
		{86F02C59-B3E8-4623-8D20-E1316FDB7D71}.Debug|x86.ActiveCfg = Debug|Any CPU
		{86F02C59-B3E8-4623-8D20-E1316FDB7D71}.Debug|x86.Build.0 = Debug|Any CPU
		{86F02C59-B3E8-4623-8D20-E1316FDB7D71}.Release|Any CPU.ActiveCfg = Release|Any CPU
		{86F02C59-B3E8-4623-8D20-E1316FDB7D71}.Release|Any CPU.Build.0 = Release|Any CPU
		{86F02C59-B3E8-4623-8D20-E1316FDB7D71}.Release|x64.ActiveCfg = Release|Any CPU
		{86F02C59-B3E8-4623-8D20-E1316FDB7D71}.Release|x64.Build.0 = Release|Any CPU
		{86F02C59-B3E8-4623-8D20-E1316FDB7D71}.Release|x86.ActiveCfg = Release|Any CPU
		{86F02C59-B3E8-4623-8D20-E1316FDB7D71}.Release|x86.Build.0 = Release|Any CPU
	EndGlobalSection
	GlobalSection(SolutionProperties) = preSolution
		HideSolutionNode = FALSE
	EndGlobalSection
	GlobalSection(NestedProjects) = preSolution
		{FA25CCE8-DADA-47AE-B91F-5F9C6714191F} = {827E0CD3-B72D-47B6-A68D-7590B98EB39B}
		{86F02C59-B3E8-4623-8D20-E1316FDB7D71} = {0AB3BF05-4346-4AA6-1389-037BE0695223}
	EndGlobalSection
EndGlobal
